
Microsoft Visual Studio Solution File, Format Version 12.00
Project("{FAE04EC0-301F-11D3-BF4B-00C04F79EFBC}") = "CodeOfChaos.AspNetCore", "src\CodeOfChaos.AspNetCore\CodeOfChaos.AspNetCore.csproj", "{DC2A5938-431D-40BA-BA67-387522E2E2E1}"
EndProject
Project("{FAE04EC0-301F-11D3-BF4B-00C04F79EFBC}") = "CodeOfChaos.AspNetCore.Contracts", "src\CodeOfChaos.AspNetCore.Contracts\CodeOfChaos.AspNetCore.Contracts.csproj", "{FBB91809-C16E-49E0-837A-E9DD46095695}"
EndProject
Project("{FAE04EC0-301F-11D3-BF4B-00C04F79EFBC}") = "CodeOfChaos.Extensions", "src\CodeOfChaos.Extensions\CodeOfChaos.Extensions.csproj", "{9A01A978-D1B0-4C2C-99D2-5189E63481D5}"
EndProject
Project("{FAE04EC0-301F-11D3-BF4B-00C04F79EFBC}") = "CodeOfChaos.Extensions.AspNetCore", "src\CodeOfChaos.Extensions.AspNetCore\CodeOfChaos.Extensions.AspNetCore.csproj", "{98AB6413-78AC-4D76-90B7-984D5F77D8A1}"
EndProject
Project("{FAE04EC0-301F-11D3-BF4B-00C04F79EFBC}") = "CodeOfChaos.Extensions.Serilog", "src\CodeOfChaos.Extensions.Serilog\CodeOfChaos.Extensions.Serilog.csproj", "{B00A8257-7B8B-425A-BC01-623A75472CE7}"
EndProject
Project("{2150E333-8FDC-42A3-9474-1A3956D46DE8}") = "AspNetCore", "AspNetCore", "{3EF701D7-B3E6-4C11-83E8-47F6F1EDDDE0}"
EndProject
Project("{2150E333-8FDC-42A3-9474-1A3956D46DE8}") = "Extensions", "Extensions", "{DFC359A1-4358-4F80-928D-B3A9ECC45578}"
EndProject
Project("{FAE04EC0-301F-11D3-BF4B-00C04F79EFBC}") = "CodeOfChaos.Extensions.DependencyInjection", "src\CodeOfChaos.Extensions.DependencyInjection\CodeOfChaos.Extensions.DependencyInjection.csproj", "{D3556638-F323-456F-9114-2AE10AE1AC0E}"
EndProject
Project("{FAE04EC0-301F-11D3-BF4B-00C04F79EFBC}") = "CodeOfChaos.Tests", "src\CodeOfChaos.Tests\CodeOfChaos.Tests.csproj", "{31E8C842-C747-44A8-A7EC-92D1DB5D7DF2}"
EndProject
Project("{2150E333-8FDC-42A3-9474-1A3956D46DE8}") = "Tests", "Tests", "{B958B72E-0C29-4456-8258-8045914FB5DF}"
EndProject
Project("{2150E333-8FDC-42A3-9474-1A3956D46DE8}") = "EntityFrameworkCore", "EntityFrameworkCore", "{DD70A04D-FA80-40A0-8F9A-E609C2BEA900}"
EndProject
Project("{FAE04EC0-301F-11D3-BF4B-00C04F79EFBC}") = "CodeOfChaos.EntityFrameworkCore.ISO.Countries", "src\CodeOfChaos.EntityFrameworkCore.ISO.Countries\CodeOfChaos.EntityFrameworkCore.ISO.Countries.csproj", "{DD9D3999-DE41-48B3-9D06-A29E1568DCF0}"
EndProject
Project("{2150E333-8FDC-42A3-9474-1A3956D46DE8}") = "ISO", "ISO", "{BB38C59F-FF17-4B91-BB3D-9700CC1E701A}"
EndProject
Project("{2150E333-8FDC-42A3-9474-1A3956D46DE8}") = "Ansi", "Ansi", "{86509407-DE51-4206-8738-C056DCD1ACF4}"
EndProject
Project("{FAE04EC0-301F-11D3-BF4B-00C04F79EFBC}") = "CodeOfChaos.Ansi", "src\CodeOfChaos.Ansi\CodeOfChaos.Ansi.csproj", "{AE233EE1-B16C-4909-81BB-FA314C6FA5EF}"
EndProject
Project("{2150E333-8FDC-42A3-9474-1A3956D46DE8}") = "Lucide", "Lucide", "{B19F8C48-ADA1-4249-A32E-6047091DB78C}"
EndProject
Project("{FAE04EC0-301F-11D3-BF4B-00C04F79EFBC}") = "CodeOfChaos.Lucide", "src\CodeOfChaos.Lucide\CodeOfChaos.Lucide.csproj", "{685DA3C1-5A34-470B-91A7-50627A0CD3CC}"
EndProject
Project("{FAE04EC0-301F-11D3-BF4B-00C04F79EFBC}") = "CodeOfChaos.Lucide.Generators", "src\CodeOfChaos.Lucide.Generators\CodeOfChaos.Lucide.Generators.csproj", "{836A8F00-CE23-4FDD-8719-5D8B69BFE741}"
EndProject
Project("{FAE04EC0-301F-11D3-BF4B-00C04F79EFBC}") = "CodeOfChaos.Lucide.Tests", "src\CodeOfChaos.Lucide.Tests\CodeOfChaos.Lucide.Tests.csproj", "{8EEFE045-ED6E-483A-BBC2-9D99C183A64E}"
EndProject
Project("{2150E333-8FDC-42A3-9474-1A3956D46DE8}") = "Workfloor", "Workfloor", "{6638C2C8-880A-4233-BDEF-86E480515E1E}"
EndProject
Project("{FAE04EC0-301F-11D3-BF4B-00C04F79EFBC}") = "Workfloor", "src\Workfloor\Workfloor.csproj", "{1837243E-EB32-4EB2-B838-982631D1A477}"
EndProject
Project("{2150E333-8FDC-42A3-9474-1A3956D46DE8}") = "Parsers", "Parsers", "{BF82AC07-02A5-4455-B102-932081C7A654}"
EndProject
Project("{FAE04EC0-301F-11D3-BF4B-00C04F79EFBC}") = "CodeOfChaos.Parsers.Csv", "src\CodeOfChaos.Parsers.Csv\CodeOfChaos.Parsers.Csv.csproj", "{EB1A82F1-CD38-41E5-A8C1-09B9C32913A5}"
EndProject
Project("{FAE04EC0-301F-11D3-BF4B-00C04F79EFBC}") = "CodeOfChaos.Parsers.Csv.Tests", "tests\CodeOfChaos.Parsers.Csv.Tests\CodeOfChaos.Parsers.Csv.Tests.csproj", "{6C5189F2-C341-4636-805A-9BB0F58FCEAE}"
EndProject
Project("{FAE04EC0-301F-11D3-BF4B-00C04F79EFBC}") = "CodeOfChaos.Parsers.Csv.Sample", "src\CodeOfChaos.Parsers.Csv.Sample\CodeOfChaos.Parsers.Csv.Sample.csproj", "{1F75C2C7-DD56-4EF4-9920-769C8F6AEB78}"
EndProject
Global
	GlobalSection(SolutionConfigurationPlatforms) = preSolution
		Debug|Any CPU = Debug|Any CPU
		Release|Any CPU = Release|Any CPU
	EndGlobalSection
	GlobalSection(ProjectConfigurationPlatforms) = postSolution
		{DC2A5938-431D-40BA-BA67-387522E2E2E1}.Debug|Any CPU.ActiveCfg = Debug|Any CPU
		{DC2A5938-431D-40BA-BA67-387522E2E2E1}.Debug|Any CPU.Build.0 = Debug|Any CPU
		{DC2A5938-431D-40BA-BA67-387522E2E2E1}.Release|Any CPU.ActiveCfg = Release|Any CPU
		{DC2A5938-431D-40BA-BA67-387522E2E2E1}.Release|Any CPU.Build.0 = Release|Any CPU
		{FBB91809-C16E-49E0-837A-E9DD46095695}.Debug|Any CPU.ActiveCfg = Debug|Any CPU
		{FBB91809-C16E-49E0-837A-E9DD46095695}.Debug|Any CPU.Build.0 = Debug|Any CPU
		{FBB91809-C16E-49E0-837A-E9DD46095695}.Release|Any CPU.ActiveCfg = Release|Any CPU
		{FBB91809-C16E-49E0-837A-E9DD46095695}.Release|Any CPU.Build.0 = Release|Any CPU
		{9A01A978-D1B0-4C2C-99D2-5189E63481D5}.Debug|Any CPU.ActiveCfg = Debug|Any CPU
		{9A01A978-D1B0-4C2C-99D2-5189E63481D5}.Debug|Any CPU.Build.0 = Debug|Any CPU
		{9A01A978-D1B0-4C2C-99D2-5189E63481D5}.Release|Any CPU.ActiveCfg = Release|Any CPU
		{9A01A978-D1B0-4C2C-99D2-5189E63481D5}.Release|Any CPU.Build.0 = Release|Any CPU
		{98AB6413-78AC-4D76-90B7-984D5F77D8A1}.Debug|Any CPU.ActiveCfg = Debug|Any CPU
		{98AB6413-78AC-4D76-90B7-984D5F77D8A1}.Debug|Any CPU.Build.0 = Debug|Any CPU
		{98AB6413-78AC-4D76-90B7-984D5F77D8A1}.Release|Any CPU.ActiveCfg = Release|Any CPU
		{98AB6413-78AC-4D76-90B7-984D5F77D8A1}.Release|Any CPU.Build.0 = Release|Any CPU
		{B00A8257-7B8B-425A-BC01-623A75472CE7}.Debug|Any CPU.ActiveCfg = Debug|Any CPU
		{B00A8257-7B8B-425A-BC01-623A75472CE7}.Debug|Any CPU.Build.0 = Debug|Any CPU
		{B00A8257-7B8B-425A-BC01-623A75472CE7}.Release|Any CPU.ActiveCfg = Release|Any CPU
		{B00A8257-7B8B-425A-BC01-623A75472CE7}.Release|Any CPU.Build.0 = Release|Any CPU
		{D3556638-F323-456F-9114-2AE10AE1AC0E}.Debug|Any CPU.ActiveCfg = Debug|Any CPU
		{D3556638-F323-456F-9114-2AE10AE1AC0E}.Debug|Any CPU.Build.0 = Debug|Any CPU
		{D3556638-F323-456F-9114-2AE10AE1AC0E}.Release|Any CPU.ActiveCfg = Release|Any CPU
		{D3556638-F323-456F-9114-2AE10AE1AC0E}.Release|Any CPU.Build.0 = Release|Any CPU
		{31E8C842-C747-44A8-A7EC-92D1DB5D7DF2}.Debug|Any CPU.ActiveCfg = Debug|Any CPU
		{31E8C842-C747-44A8-A7EC-92D1DB5D7DF2}.Debug|Any CPU.Build.0 = Debug|Any CPU
		{31E8C842-C747-44A8-A7EC-92D1DB5D7DF2}.Release|Any CPU.ActiveCfg = Release|Any CPU
		{31E8C842-C747-44A8-A7EC-92D1DB5D7DF2}.Release|Any CPU.Build.0 = Release|Any CPU
		{DD9D3999-DE41-48B3-9D06-A29E1568DCF0}.Debug|Any CPU.ActiveCfg = Debug|Any CPU
		{DD9D3999-DE41-48B3-9D06-A29E1568DCF0}.Debug|Any CPU.Build.0 = Debug|Any CPU
		{DD9D3999-DE41-48B3-9D06-A29E1568DCF0}.Release|Any CPU.ActiveCfg = Release|Any CPU
		{DD9D3999-DE41-48B3-9D06-A29E1568DCF0}.Release|Any CPU.Build.0 = Release|Any CPU
		{AE233EE1-B16C-4909-81BB-FA314C6FA5EF}.Debug|Any CPU.ActiveCfg = Debug|Any CPU
		{AE233EE1-B16C-4909-81BB-FA314C6FA5EF}.Debug|Any CPU.Build.0 = Debug|Any CPU
		{AE233EE1-B16C-4909-81BB-FA314C6FA5EF}.Release|Any CPU.ActiveCfg = Release|Any CPU
		{AE233EE1-B16C-4909-81BB-FA314C6FA5EF}.Release|Any CPU.Build.0 = Release|Any CPU
		{685DA3C1-5A34-470B-91A7-50627A0CD3CC}.Debug|Any CPU.ActiveCfg = Debug|Any CPU
		{685DA3C1-5A34-470B-91A7-50627A0CD3CC}.Debug|Any CPU.Build.0 = Debug|Any CPU
		{685DA3C1-5A34-470B-91A7-50627A0CD3CC}.Release|Any CPU.ActiveCfg = Release|Any CPU
		{685DA3C1-5A34-470B-91A7-50627A0CD3CC}.Release|Any CPU.Build.0 = Release|Any CPU
		{836A8F00-CE23-4FDD-8719-5D8B69BFE741}.Debug|Any CPU.ActiveCfg = Debug|Any CPU
		{836A8F00-CE23-4FDD-8719-5D8B69BFE741}.Debug|Any CPU.Build.0 = Debug|Any CPU
		{836A8F00-CE23-4FDD-8719-5D8B69BFE741}.Release|Any CPU.ActiveCfg = Release|Any CPU
		{836A8F00-CE23-4FDD-8719-5D8B69BFE741}.Release|Any CPU.Build.0 = Release|Any CPU
		{8EEFE045-ED6E-483A-BBC2-9D99C183A64E}.Debug|Any CPU.ActiveCfg = Debug|Any CPU
		{8EEFE045-ED6E-483A-BBC2-9D99C183A64E}.Debug|Any CPU.Build.0 = Debug|Any CPU
		{8EEFE045-ED6E-483A-BBC2-9D99C183A64E}.Release|Any CPU.ActiveCfg = Release|Any CPU
		{8EEFE045-ED6E-483A-BBC2-9D99C183A64E}.Release|Any CPU.Build.0 = Release|Any CPU
		{1837243E-EB32-4EB2-B838-982631D1A477}.Debug|Any CPU.ActiveCfg = Debug|Any CPU
		{1837243E-EB32-4EB2-B838-982631D1A477}.Debug|Any CPU.Build.0 = Debug|Any CPU
		{1837243E-EB32-4EB2-B838-982631D1A477}.Release|Any CPU.ActiveCfg = Release|Any CPU
		{1837243E-EB32-4EB2-B838-982631D1A477}.Release|Any CPU.Build.0 = Release|Any CPU
		{EB1A82F1-CD38-41E5-A8C1-09B9C32913A5}.Debug|Any CPU.ActiveCfg = Debug|Any CPU
		{EB1A82F1-CD38-41E5-A8C1-09B9C32913A5}.Debug|Any CPU.Build.0 = Debug|Any CPU
		{EB1A82F1-CD38-41E5-A8C1-09B9C32913A5}.Release|Any CPU.ActiveCfg = Release|Any CPU
		{EB1A82F1-CD38-41E5-A8C1-09B9C32913A5}.Release|Any CPU.Build.0 = Release|Any CPU
		{6C5189F2-C341-4636-805A-9BB0F58FCEAE}.Debug|Any CPU.ActiveCfg = Debug|Any CPU
		{6C5189F2-C341-4636-805A-9BB0F58FCEAE}.Debug|Any CPU.Build.0 = Debug|Any CPU
		{6C5189F2-C341-4636-805A-9BB0F58FCEAE}.Release|Any CPU.ActiveCfg = Release|Any CPU
		{6C5189F2-C341-4636-805A-9BB0F58FCEAE}.Release|Any CPU.Build.0 = Release|Any CPU
		{1F75C2C7-DD56-4EF4-9920-769C8F6AEB78}.Debug|Any CPU.ActiveCfg = Debug|Any CPU
		{1F75C2C7-DD56-4EF4-9920-769C8F6AEB78}.Debug|Any CPU.Build.0 = Debug|Any CPU
		{1F75C2C7-DD56-4EF4-9920-769C8F6AEB78}.Release|Any CPU.ActiveCfg = Release|Any CPU
		{1F75C2C7-DD56-4EF4-9920-769C8F6AEB78}.Release|Any CPU.Build.0 = Release|Any CPU
	EndGlobalSection
	GlobalSection(NestedProjects) = preSolution
		{DC2A5938-431D-40BA-BA67-387522E2E2E1} = {3EF701D7-B3E6-4C11-83E8-47F6F1EDDDE0}
		{FBB91809-C16E-49E0-837A-E9DD46095695} = {3EF701D7-B3E6-4C11-83E8-47F6F1EDDDE0}
		{9A01A978-D1B0-4C2C-99D2-5189E63481D5} = {DFC359A1-4358-4F80-928D-B3A9ECC45578}
		{B00A8257-7B8B-425A-BC01-623A75472CE7} = {DFC359A1-4358-4F80-928D-B3A9ECC45578}
		{98AB6413-78AC-4D76-90B7-984D5F77D8A1} = {DFC359A1-4358-4F80-928D-B3A9ECC45578}
		{D3556638-F323-456F-9114-2AE10AE1AC0E} = {DFC359A1-4358-4F80-928D-B3A9ECC45578}
		{31E8C842-C747-44A8-A7EC-92D1DB5D7DF2} = {B958B72E-0C29-4456-8258-8045914FB5DF}
		{BB38C59F-FF17-4B91-BB3D-9700CC1E701A} = {DD70A04D-FA80-40A0-8F9A-E609C2BEA900}
		{DD9D3999-DE41-48B3-9D06-A29E1568DCF0} = {BB38C59F-FF17-4B91-BB3D-9700CC1E701A}
		{AE233EE1-B16C-4909-81BB-FA314C6FA5EF} = {86509407-DE51-4206-8738-C056DCD1ACF4}
		{685DA3C1-5A34-470B-91A7-50627A0CD3CC} = {B19F8C48-ADA1-4249-A32E-6047091DB78C}
		{836A8F00-CE23-4FDD-8719-5D8B69BFE741} = {B19F8C48-ADA1-4249-A32E-6047091DB78C}
		{8EEFE045-ED6E-483A-BBC2-9D99C183A64E} = {B19F8C48-ADA1-4249-A32E-6047091DB78C}
		{1837243E-EB32-4EB2-B838-982631D1A477} = {6638C2C8-880A-4233-BDEF-86E480515E1E}
		{EB1A82F1-CD38-41E5-A8C1-09B9C32913A5} = {BF82AC07-02A5-4455-B102-932081C7A654}
		{6C5189F2-C341-4636-805A-9BB0F58FCEAE} = {B958B72E-0C29-4456-8258-8045914FB5DF}
		{1F75C2C7-DD56-4EF4-9920-769C8F6AEB78} = {BF82AC07-02A5-4455-B102-932081C7A654}
	EndGlobalSection
EndGlobal
