{
  "name": "CodeOfChaos.Lucide",
  "lockfileVersion": 3,
  "requires": true,
  "packages": {
    "": {
      "dependencies": {
        "lucide-static": "^0.436.0"
      }
    },
    "node_modules/lucide-static": {
      "version": "0.436.0",
      "resolved": "https://registry.npmjs.org/lucide-static/-/lucide-static-0.436.0.tgz",
      "integrity": "sha512-RQLIMvhGxBWv664G3urbnOJEUf8N5ZmCUC/Ca274/zKKivHphxyXFo+oesHGctgI/em1gWwn4FVN0DY0AXuKwg==",
      "license": "ISC"
    }
  }
}
