{
  "name": "CodeOfChaos.Lucide",
  "lockfileVersion": 3,
  "requires": true,
  "packages": {
    "": {
      "dependencies": {
        "lucide-static": "^0.439.0"
      }
    },
    "node_modules/lucide-static": {
      "version": "0.439.0",
      "resolved": "https://registry.npmjs.org/lucide-static/-/lucide-static-0.439.0.tgz",
      "integrity": "sha512-HyhH542yYXAon1OiclzSDmneqp5qY1xHFI8Xx6s5uF81jljcYDIx1qduC7fc8ptqlIm2Z3u8x+OxixQ/beLMvw==",
      "license": "ISC"
    }
  }
}
