{
  "name": "CodeOfChaos.Lucide",
  "lockfileVersion": 3,
  "requires": true,
  "packages": {
    "": {
      "dependencies": {
        "lucide-static": "^0.435.0"
      }
    },
    "node_modules/lucide-static": {
      "version": "0.435.0",
      "resolved": "https://registry.npmjs.org/lucide-static/-/lucide-static-0.435.0.tgz",
      "integrity": "sha512-aJpVfuAKMrj7w2msTPgCtWyqkaAMJs+o0ppTZjaVyVg/uIjOxruorH5lhdasj1XgB8FlhzSky1IedQ6mmYXJ6A==",
      "license": "ISC"
    }
  }
}
